
Microsoft Visual Studio Solution File, Format Version 12.00
Project("{FAE04EC0-301F-11D3-BF4B-00C04F79EFBC}") = "NetSourceGenerator", "NetSourceGenerator\NetSourceGenerator.csproj", "{CAFC8BB3-FAAD-4D84-A2BE-5F2683DE2598}"
EndProject
Project("{FAE04EC0-301F-11D3-BF4B-00C04F79EFBC}") = "NetSourceGenerator.Tests", "NetSourceGenerator.Tests\NetSourceGenerator.Tests.csproj", "{6C3B5795-93DE-4FD9-8F45-A0B8304C84C9}"
EndProject
Project("{FAE04EC0-301F-11D3-BF4B-00C04F79EFBC}") = "NetSourceGenerator.RealTimeTests", "NetSourceGenerator.RealTimeTests\NetSourceGenerator.RealTimeTests.csproj", "{7F499C5F-1E45-4844-BFBB-285939369E29}"
EndProject
Global
	GlobalSection(SolutionConfigurationPlatforms) = preSolution
		Debug|Any CPU = Debug|Any CPU
		Release|Any CPU = Release|Any CPU
	EndGlobalSection
	GlobalSection(ProjectConfigurationPlatforms) = postSolution
		{CAFC8BB3-FAAD-4D84-A2BE-5F2683DE2598}.Debug|Any CPU.ActiveCfg = Debug|Any CPU
		{CAFC8BB3-FAAD-4D84-A2BE-5F2683DE2598}.Debug|Any CPU.Build.0 = Debug|Any CPU
		{CAFC8BB3-FAAD-4D84-A2BE-5F2683DE2598}.Release|Any CPU.ActiveCfg = Release|Any CPU
		{CAFC8BB3-FAAD-4D84-A2BE-5F2683DE2598}.Release|Any CPU.Build.0 = Release|Any CPU
		{6C3B5795-93DE-4FD9-8F45-A0B8304C84C9}.Debug|Any CPU.ActiveCfg = Debug|Any CPU
		{6C3B5795-93DE-4FD9-8F45-A0B8304C84C9}.Debug|Any CPU.Build.0 = Debug|Any CPU
		{6C3B5795-93DE-4FD9-8F45-A0B8304C84C9}.Release|Any CPU.ActiveCfg = Release|Any CPU
		{6C3B5795-93DE-4FD9-8F45-A0B8304C84C9}.Release|Any CPU.Build.0 = Release|Any CPU
		{7F499C5F-1E45-4844-BFBB-285939369E29}.Debug|Any CPU.ActiveCfg = Debug|Any CPU
		{7F499C5F-1E45-4844-BFBB-285939369E29}.Debug|Any CPU.Build.0 = Debug|Any CPU
		{7F499C5F-1E45-4844-BFBB-285939369E29}.Release|Any CPU.ActiveCfg = Release|Any CPU
		{7F499C5F-1E45-4844-BFBB-285939369E29}.Release|Any CPU.Build.0 = Release|Any CPU
	EndGlobalSection
EndGlobal
